SITE
  remote: https://supermarket.getchef.com/api/v1
  specs:
    build-essential (8.0.0)
      mingw (>= 1.1)
      seven_zip (>= 0.0.0)
    chef-client (7.2.1)
      cron (>= 1.7.0)
      logrotate (>= 1.9.0)
      windows (>= 1.42.0)
    chef_gem (0.1.0)
    chef_nginx (6.0.0)
      build-essential (>= 0.0.0)
      compat_resource (>= 12.16.3)
      ohai (>= 4.1.0)
      yum-epel (>= 0.0.0)
      zypper (>= 0.0.0)
    compat_resource (12.16.3)
    cron (4.1.0)
      compat_resource (>= 0.0.0)
    dmg (3.1.0)
    docker (2.9.10)
      compat_resource (>= 12.14.7)
    firewalld (1.1.5)
    git (4.6.0)
      build-essential (>= 0.0.0)
      dmg (>= 0.0.0)
      windows (>= 0.0.0)
      yum-epel (>= 0.0.0)
    logrotate (2.1.0)
      compat_resource (>= 0.0.0)
    mingw (2.0.0)
      seven_zip (>= 0.0.0)
    ohai (5.0.2)
    openssl (7.0.1)
    postgresql (6.1.1)
      build-essential (>= 2.0.0)
      compat_resource (>= 12.16.3)
      openssl (>= 4.0)
    rvm (0.9.4)
      chef_gem (>= 0.0.0)
    selinux (0.9.0)
    seven_zip (2.0.2)
      windows (>= 1.2.2)
    ssh_authorized_keys (0.3.0)
    windows (3.0.4)
      ohai (>= 4.0.0)
    yum (5.0.0)
    yum-epel (2.1.1)
      compat_resource (>= 12.16.3)
    zypper (0.3.0)

DEPENDENCIES
  chef-client (>= 0)
  chef_nginx (>= 0)
  docker (~> 2.9.3)
  firewalld (~> 1.1.5)
  git (~> 4.3)
  postgresql (~> 6.1.1)
  rvm (~> 0.9.4)
  selinux (~> 0.9.0)
  ssh_authorized_keys (~> 0.3.0)
  yum (>= 0)

